# THIS IS AN AUTOGENERATED FILE. DO NOT EDIT THIS FILE DIRECTLY.
# yarn lockfile v1


bootstrap-material-design@^4.1.1:
  version "4.1.1"
  resolved "https://registry.yarnpkg.com/bootstrap-material-design/-/bootstrap-material-design-4.1.1.tgz#87433db0bf64d6a0afb0f5faaa8606134c9d26d2"

perfect-scrollbar@0.6.13:
  version "0.6.13"
  resolved "https://registry.yarnpkg.com/perfect-scrollbar/-/perfect-scrollbar-0.6.13.tgz#53c6fbf6984bcf000c77e3aa6156ca8754a0116f"

popper.js@^1.14.3:
  version "1.14.3"
  resolved "https://registry.yarnpkg.com/popper.js/-/popper.js-1.14.3.tgz#1438f98d046acf7b4d78cd502bf418ac64d4f095"
